Microsoft Visual Studio Solution File, Format Version 12.00
# Visual Studio Version 17
VisualStudioVersion = 17.5.2.0
MinimumVisualStudioVersion = 10.0.40219.1
Project("{FAE04EC0-301F-11D3-BF4B-00C04F79EFBC}") = "IPMonitor", "IPMonitor.csproj", "{677380B3-7245-E971-6B4B-B5C6D7C6DC85}"
EndProject
Global
	GlobalSection(SolutionConfigurationPlatforms) = preSolution
		Debug|Any CPU = Debug|Any CPU
		Release|Any CPU = Release|Any CPU
	EndGlobalSection
	GlobalSection(ProjectConfigurationPlatforms) = postSolution
		{677380B3-7245-E971-6B4B-B5C6D7C6DC85}.Debug|Any CPU.ActiveCfg = Debug|Any CPU
		{677380B3-7245-E971-6B4B-B5C6D7C6DC85}.Debug|Any CPU.Build.0 = Debug|Any CPU
		{677380B3-7245-E971-6B4B-B5C6D7C6DC85}.Release|Any CPU.ActiveCfg = Release|Any CPU
		{677380B3-7245-E971-6B4B-B5C6D7C6DC85}.Release|Any CPU.Build.0 = Release|Any CPU
	EndGlobalSection
	GlobalSection(SolutionProperties) = preSolution
		HideSolutionNode = FALSE
	EndGlobalSection
	GlobalSection(ExtensibilityGlobals) = postSolution
		SolutionGuid = {DDC9AB2B-4AE5-4F2B-9F74-33572E1F3AD8}
	EndGlobalSection
EndGlobal
